# This file is generated by running "yarn install" inside your project.
# Manual changes might be lost - proceed with caution!

__metadata:
  version: 5
  cacheKey: 8

"@quantum/definitions@workspace:*, @quantum/definitions@workspace:packages/definitions":
  version: 0.0.0-use.local
  resolution: "@quantum/definitions@workspace:packages/definitions"
  dependencies:
    "@types/node": ^16.11.12
  languageName: unknown
  linkType: soft

"@quantum/order@workspace:apps/order":
  version: 0.0.0-use.local
  resolution: "@quantum/order@workspace:apps/order"
  dependencies:
    "@types/node": ^16.11.12
  languageName: unknown
  linkType: soft

"@quantum/payment@workspace:apps/payment":
  version: 0.0.0-use.local
  resolution: "@quantum/payment@workspace:apps/payment"
  dependencies:
    "@quantum/definitions": "workspace:*"
    "@types/node": ^16.11.12
  languageName: unknown
  linkType: soft

"@types/node@npm:^16.11.12":
  version: 16.11.12
  resolution: "@types/node@npm:16.11.12"
  checksum: a3feb346d61a56f5a137c29bb8c63cfa3cc02e184b9dffdc18ef1528dcce55596e570575215a2e39e6ce69343eeb2a5ba71c271938f1dc8db4cc393902855412
  languageName: node
  linkType: hard

"codefresh-playground@workspace:.":
  version: 0.0.0-use.local
  resolution: "codefresh-playground@workspace:."
  dependencies:
    "@types/node": ^16.11.12
    typescript: ^4.5.3
  languageName: unknown
  linkType: soft

"typescript@npm:^4.5.3":
  version: 4.5.3
  resolution: "typescript@npm:4.5.3"
  bin:
    tsc: bin/tsc
    tsserver: bin/tsserver
  checksum: 2ac278c20418882816789ad94a5d9e7f11969db7a2a23fa09e61f2fedf3814265cbd4f89d7f5b6e1f0e7be2b5f169becf5dab913d0da255b073ea3c8c324e6d4
  languageName: node
  linkType: hard

"typescript@patch:typescript@^4.5.3#~builtin<compat/typescript>":
  version: 4.5.3
  resolution: "typescript@patch:typescript@npm%3A4.5.3#~builtin<compat/typescript>::version=4.5.3&hash=493e53"
  bin:
    tsc: bin/tsc
    tsserver: bin/tsserver
  checksum: 3c3a664dfb66e7c45d3823cc1a4038dc506415041f39249ed3af1799a64b3065448549d9e9ba509c94335d1e2dfbe311a4b9e36574e87d248f9381d541cb8626
  languageName: node
  linkType: hard
